// !$*UTF8*$!
{
	archiveVersion = 1;
	classes = {
	};
	objectVersion = 50;
	objects = {

/* Begin PBXBuildFile section */
		CBB369F7207CC0B100B55C53 /* AppDelegate.swift in Sources */ = {isa = PBXBuildFile; fileRef = CBB369F6207CC0B100B55C53 /* AppDelegate.swift */; };
		CBB369F9207CC0B100B55C53 /* ViewController.swift in Sources */ = {isa = PBXBuildFile; fileRef = CBB369F8207CC0B100B55C53 /* ViewController.swift */; };
		CBB369FC207CC0B100B55C53 /* Main.storyboard in Resources */ = {isa = PBXBuildFile; fileRef = CBB369FA207CC0B100B55C53 /* Main.storyboard */; };
		CBB369FE207CC0B500B55C53 /* Assets.xcassets in Resources */ = {isa = PBXBuildFile; fileRef = CBB369FD207CC0B500B55C53 /* Assets.xcassets */; };
		CBB36A01207CC0B500B55C53 /* LaunchScreen.storyboard in Resources */ = {isa = PBXBuildFile; fileRef = CBB369FF207CC0B500B55C53 /* LaunchScreen.storyboard */; };
		CBB36A1F207CC2C700B55C53 /* lobby.png in Resources */ = {isa = PBXBuildFile; fileRef = CBB36A0A207CC2C700B55C53 /* lobby.png */; };
		CBB36A20207CC2C700B55C53 /* battlebg.png in Resources */ = {isa = PBXBuildFile; fileRef = CBB36A0B207CC2C700B55C53 /* battlebg.png */; };
		CBB36A21207CC2C700B55C53 /* bgimage.jpg in Resources */ = {isa = PBXBuildFile; fileRef = CBB36A0C207CC2C700B55C53 /* bgimage.jpg */; };
		CBB36A22207CC2C700B55C53 /* waku.png in Resources */ = {isa = PBXBuildFile; fileRef = CBB36A0D207CC2C700B55C53 /* waku.png */; };
		CBB36A23207CC2C700B55C53 /* gold_button.png in Resources */ = {isa = PBXBuildFile; fileRef = CBB36A0E207CC2C700B55C53 /* gold_button.png */; };
		CBB36A24207CC2C700B55C53 /* yusya.png in Resources */ = {isa = PBXBuildFile; fileRef = CBB36A0F207CC2C700B55C53 /* yusya.png */; };
		CBB36A25207CC2C700B55C53 /* monster.png in Resources */ = {isa = PBXBuildFile; fileRef = CBB36A10207CC2C700B55C53 /* monster.png */; };
		CBB36A26207CC2C700B55C53 /* Enemy.swift in Sources */ = {isa = PBXBuildFile; fileRef = CBB36A12207CC2C700B55C53 /* Enemy.swift */; };
		CBB36A27207CC2C700B55C53 /* TechDraUtil.swift in Sources */ = {isa = PBXBuildFile; fileRef = CBB36A13207CC2C700B55C53 /* TechDraUtil.swift */; };
		CBB36A28207CC2C700B55C53 /* Player.swift in Sources */ = {isa = PBXBuildFile; fileRef = CBB36A14207CC2C700B55C53 /* Player.swift */; };
		CBB36A29207CC2C700B55C53 /* SE_fanfare.mp3 in Resources */ = {isa = PBXBuildFile; fileRef = CBB36A16207CC2C700B55C53 /* SE_fanfare.mp3 */; };
		CBB36A2A207CC2C700B55C53 /* BGM_battle001.mp3 in Resources */ = {isa = PBXBuildFile; fileRef = CBB36A17207CC2C700B55C53 /* BGM_battle001.mp3 */; };
		CBB36A2B207CC2C700B55C53 /* SE_fire.mp3 in Resources */ = {isa = PBXBuildFile; fileRef = CBB36A18207CC2C700B55C53 /* SE_fire.mp3 */; };
		CBB36A2C207CC2C700B55C53 /* SE_attack.mp3 in Resources */ = {isa = PBXBuildFile; fileRef = CBB36A19207CC2C700B55C53 /* SE_attack.mp3 */; };
		CBB36A2D207CC2C700B55C53 /* SE_gameover.mp3 in Resources */ = {isa = PBXBuildFile; fileRef = CBB36A1A207CC2C700B55C53 /* SE_gameover.mp3 */; };
		CBB36A2E207CC2C700B55C53 /* SE_charge.mp3 in Resources */ = {isa = PBXBuildFile; fileRef = CBB36A1B207CC2C700B55C53 /* SE_charge.mp3 */; };
		CBB36A2F207CC2C700B55C53 /* lobby.mp3 in Resources */ = {isa = PBXBuildFile; fileRef = CBB36A1C207CC2C700B55C53 /* lobby.mp3 */; };
		CBB36A30207CC2C700B55C53 /* misaki_gothic.ttf in Resources */ = {isa = PBXBuildFile; fileRef = CBB36A1E207CC2C700B55C53 /* misaki_gothic.ttf */; };
		CBB36A32207CC55100B55C53 /* LobbyViewController.swift in Sources */ = {isa = PBXBuildFile; fileRef = CBB36A31207CC55100B55C53 /* LobbyViewController.swift */; };
		CBB36A34207CC62600B55C53 /* BattleViewController.swift in Sources */ = {isa = PBXBuildFile; fileRef = CBB36A33207CC62600B55C53 /* BattleViewController.swift */; };
		CBB36A36207F582E00B55C53 /* k8x12.ttf in Resources */ = {isa = PBXBuildFile; fileRef = CBB36A35207F582D00B55C53 /* k8x12.ttf */; };
/* End PBXBuildFile section */

/* Begin PBXFileReference section */
		CBB369F3207CC0B100B55C53 /* TechMonster.app */ = {isa = PBXFileReference; explicitFileType = wrapper.application; includeInIndex = 0; path = TechMonster.app; sourceTree = BUILT_PRODUCTS_DIR; };
		CBB369F6207CC0B100B55C53 /* AppDelegate.swift */ = {isa = PBXFileReference; lastKnownFileType = sourcecode.swift; path = AppDelegate.swift; sourceTree = "<group>"; };
		CBB369F8207CC0B100B55C53 /* ViewController.swift */ = {isa = PBXFileReference; lastKnownFileType = sourcecode.swift; path = ViewController.swift; sourceTree = "<group>"; };
		CBB369FB207CC0B100B55C53 /* Base */ = {isa = PBXFileReference; lastKnownFileType = file.storyboard; name = Base; path = Base.lproj/Main.storyboard; sourceTree = "<group>"; };
		CBB369FD207CC0B500B55C53 /* Assets.xcassets */ = {isa = PBXFileReference; lastKnownFileType = folder.assetcatalog; path = Assets.xcassets; sourceTree = "<group>"; };
		CBB36A00207CC0B500B55C53 /* Base */ = {isa = PBXFileReference; lastKnownFileType = file.storyboard; name = Base; path = Base.lproj/LaunchScreen.storyboard; sourceTree = "<group>"; };
		CBB36A02207CC0B500B55C53 /* Info.plist */ = {isa = PBXFileReference; lastKnownFileType = text.plist.xml; path = Info.plist; sourceTree = "<group>"; };
		CBB36A0A207CC2C700B55C53 /* lobby.png */ = {isa = PBXFileReference; lastKnownFileType = image.png; path = lobby.png; sourceTree = "<group>"; };
		CBB36A0B207CC2C700B55C53 /* battlebg.png */ = {isa = PBXFileReference; lastKnownFileType = image.png; path = battlebg.png; sourceTree = "<group>"; };
		CBB36A0C207CC2C700B55C53 /* bgimage.jpg */ = {isa = PBXFileReference; lastKnownFileType = image.jpeg; path = bgimage.jpg; sourceTree = "<group>"; };
		CBB36A0D207CC2C700B55C53 /* waku.png */ = {isa = PBXFileReference; lastKnownFileType = image.png; path = waku.png; sourceTree = "<group>"; };
		CBB36A0E207CC2C700B55C53 /* gold_button.png */ = {isa = PBXFileReference; lastKnownFileType = image.png; path = gold_button.png; sourceTree = "<group>"; };
		CBB36A0F207CC2C700B55C53 /* yusya.png */ = {isa = PBXFileReference; lastKnownFileType = image.png; path = yusya.png; sourceTree = "<group>"; };
		CBB36A10207CC2C700B55C53 /* monster.png */ = {isa = PBXFileReference; lastKnownFileType = image.png; path = monster.png; sourceTree = "<group>"; };
		CBB36A12207CC2C700B55C53 /* Enemy.swift */ = {isa = PBXFileReference; fileEncoding = 4; lastKnownFileType = sourcecode.swift; path = Enemy.swift; sourceTree = "<group>"; };
		CBB36A13207CC2C700B55C53 /* TechDraUtil.swift */ = {isa = PBXFileReference; fileEncoding = 4; lastKnownFileType = sourcecode.swift; path = TechDraUtil.swift; sourceTree = "<group>"; };
		CBB36A14207CC2C700B55C53 /* Player.swift */ = {isa = PBXFileReference; fileEncoding = 4; lastKnownFileType = sourcecode.swift; path = Player.swift; sourceTree = "<group>"; };
		CBB36A16207CC2C700B55C53 /* SE_fanfare.mp3 */ = {isa = PBXFileReference; lastKnownFileType = audio.mp3; path = SE_fanfare.mp3; sourceTree = "<group>"; };
		CBB36A17207CC2C700B55C53 /* BGM_battle001.mp3 */ = {isa = PBXFileReference; lastKnownFileType = audio.mp3; path = BGM_battle001.mp3; sourceTree = "<group>"; };
		CBB36A18207CC2C700B55C53 /* SE_fire.mp3 */ = {isa = PBXFileReference; lastKnownFileType = audio.mp3; path = SE_fire.mp3; sourceTree = "<group>"; };
		CBB36A19207CC2C700B55C53 /* SE_attack.mp3 */ = {isa = PBXFileReference; lastKnownFileType = audio.mp3; path = SE_attack.mp3; sourceTree = "<group>"; };
		CBB36A1A207CC2C700B55C53 /* SE_gameover.mp3 */ = {isa = PBXFileReference; lastKnownFileType = audio.mp3; path = SE_gameover.mp3; sourceTree = "<group>"; };
		CBB36A1B207CC2C700B55C53 /* SE_charge.mp3 */ = {isa = PBXFileReference; lastKnownFileType = audio.mp3; path = SE_charge.mp3; sourceTree = "<group>"; };
		CBB36A1C207CC2C700B55C53 /* lobby.mp3 */ = {isa = PBXFileReference; lastKnownFileType = audio.mp3; path = lobby.mp3; sourceTree = "<group>"; };
		CBB36A1E207CC2C700B55C53 /* misaki_gothic.ttf */ = {isa = PBXFileReference; lastKnownFileType = file; path = misaki_gothic.ttf; sourceTree = "<group>"; };
		CBB36A31207CC55100B55C53 /* LobbyViewController.swift */ = {isa = PBXFileReference; lastKnownFileType = sourcecode.swift; path = LobbyViewController.swift; sourceTree = "<group>"; };
		CBB36A33207CC62600B55C53 /* BattleViewController.swift */ = {isa = PBXFileReference; lastKnownFileType = sourcecode.swift; path = BattleViewController.swift; sourceTree = "<group>"; };
		CBB36A35207F582D00B55C53 /* k8x12.ttf */ = {isa = PBXFileReference; lastKnownFileType = file; path = k8x12.ttf; sourceTree = "<group>"; };
/* End PBXFileReference section */

/* Begin PBXFrameworksBuildPhase section */
		CBB369F0207CC0B100B55C53 /* Frameworks */ = {
			isa = PBXFrameworksBuildPhase;
			buildActionMask = 2147483647;
			files = (
			);
			runOnlyForDeploymentPostprocessing = 0;
		};
/* End PBXFrameworksBuildPhase section */

/* Begin PBXGroup section */
		CBB369EA207CC0B100B55C53 = {
			isa = PBXGroup;
			children = (
				CBB36A08207CC2C700B55C53 /* TechMon_Resources */,
				CBB369F5207CC0B100B55C53 /* TechMonster */,
				CBB369F4207CC0B100B55C53 /* Products */,
			);
			sourceTree = "<group>";
		};
		CBB369F4207CC0B100B55C53 /* Products */ = {
			isa = PBXGroup;
			children = (
				CBB369F3207CC0B100B55C53 /* TechMonster.app */,
			);
			name = Products;
			sourceTree = "<group>";
		};
		CBB369F5207CC0B100B55C53 /* TechMonster */ = {
			isa = PBXGroup;
			children = (
				CBB369F6207CC0B100B55C53 /* AppDelegate.swift */,
				CBB369F8207CC0B100B55C53 /* ViewController.swift */,
				CBB369FA207CC0B100B55C53 /* Main.storyboard */,
				CBB369FD207CC0B500B55C53 /* Assets.xcassets */,
				CBB369FF207CC0B500B55C53 /* LaunchScreen.storyboard */,
				CBB36A02207CC0B500B55C53 /* Info.plist */,
				CBB36A31207CC55100B55C53 /* LobbyViewController.swift */,
				CBB36A33207CC62600B55C53 /* BattleViewController.swift */,
				CBB36A35207F582D00B55C53 /* k8x12.ttf */,
			);
			path = TechMonster;
			sourceTree = "<group>";
		};
		CBB36A08207CC2C700B55C53 /* TechMon_Resources */ = {
			isa = PBXGroup;
			children = (
				CBB36A09207CC2C700B55C53 /* Images */,
				CBB36A11207CC2C700B55C53 /* Models */,
				CBB36A15207CC2C700B55C53 /* Sounds */,
				CBB36A1D207CC2C700B55C53 /* Fonts */,
			);
			path = TechMon_Resources;
			sourceTree = "<group>";
		};
		CBB36A09207CC2C700B55C53 /* Images */ = {
			isa = PBXGroup;
			children = (
				CBB36A0A207CC2C700B55C53 /* lobby.png */,
				CBB36A0B207CC2C700B55C53 /* battlebg.png */,
				CBB36A0C207CC2C700B55C53 /* bgimage.jpg */,
				CBB36A0D207CC2C700B55C53 /* waku.png */,
				CBB36A0E207CC2C700B55C53 /* gold_button.png */,
				CBB36A0F207CC2C700B55C53 /* yusya.png */,
				CBB36A10207CC2C700B55C53 /* monster.png */,
			);
			path = Images;
			sourceTree = "<group>";
		};
		CBB36A11207CC2C700B55C53 /* Models */ = {
			isa = PBXGroup;
			children = (
				CBB36A12207CC2C700B55C53 /* Enemy.swift */,
				CBB36A13207CC2C700B55C53 /* TechDraUtil.swift */,
				CBB36A14207CC2C700B55C53 /* Player.swift */,
			);
			path = Models;
			sourceTree = "<group>";
		};
		CBB36A15207CC2C700B55C53 /* Sounds */ = {
			isa = PBXGroup;
			children = (
				CBB36A16207CC2C700B55C53 /* SE_fanfare.mp3 */,
				CBB36A17207CC2C700B55C53 /* BGM_battle001.mp3 */,
				CBB36A18207CC2C700B55C53 /* SE_fire.mp3 */,
				CBB36A19207CC2C700B55C53 /* SE_attack.mp3 */,
				CBB36A1A207CC2C700B55C53 /* SE_gameover.mp3 */,
				CBB36A1B207CC2C700B55C53 /* SE_charge.mp3 */,
				CBB36A1C207CC2C700B55C53 /* lobby.mp3 */,
			);
			path = Sounds;
			sourceTree = "<group>";
		};
		CBB36A1D207CC2C700B55C53 /* Fonts */ = {
			isa = PBXGroup;
			children = (
				CBB36A1E207CC2C700B55C53 /* misaki_gothic.ttf */,
			);
			path = Fonts;
			sourceTree = "<group>";
		};
/* End PBXGroup section */

/* Begin PBXNativeTarget section */
		CBB369F2207CC0B100B55C53 /* TechMonster */ = {
			isa = PBXNativeTarget;
			buildConfigurationList = CBB36A05207CC0B500B55C53 /* Build configuration list for PBXNativeTarget "TechMonster" */;
			buildPhases = (
				CBB369EF207CC0B100B55C53 /* Sources */,
				CBB369F0207CC0B100B55C53 /* Frameworks */,
				CBB369F1207CC0B100B55C53 /* Resources */,
			);
			buildRules = (
			);
			dependencies = (
			);
			name = TechMonster;
			productName = TechMonster;
			productReference = CBB369F3207CC0B100B55C53 /* TechMonster.app */;
			productType = "com.apple.product-type.application";
		};
/* End PBXNativeTarget section */

/* Begin PBXProject section */
		CBB369EB207CC0B100B55C53 /* Project object */ = {
			isa = PBXProject;
			attributes = {
				LastSwiftUpdateCheck = 0930;
				LastUpgradeCheck = 0930;
				ORGANIZATIONNAME = ohharu;
				TargetAttributes = {
					CBB369F2207CC0B100B55C53 = {
						CreatedOnToolsVersion = 9.3;
					};
				};
			};
			buildConfigurationList = CBB369EE207CC0B100B55C53 /* Build configuration list for PBXProject "TechMonster" */;
			compatibilityVersion = "Xcode 9.3";
			developmentRegion = en;
			hasScannedForEncodings = 0;
			knownRegions = (
				en,
				Base,
			);
			mainGroup = CBB369EA207CC0B100B55C53;
			productRefGroup = CBB369F4207CC0B100B55C53 /* Products */;
			projectDirPath = "";
			projectRoot = "";
			targets = (
				CBB369F2207CC0B100B55C53 /* TechMonster */,
			);
		};
/* End PBXProject section */

/* Begin PBXResourcesBuildPhase section */
		CBB369F1207CC0B100B55C53 /* Resources */ = {
			isa = PBXResourcesBuildPhase;
			buildActionMask = 2147483647;
			files = (
				CBB36A24207CC2C700B55C53 /* yusya.png in Resources */,
				CBB36A21207CC2C700B55C53 /* bgimage.jpg in Resources */,
				CBB36A22207CC2C700B55C53 /* waku.png in Resources */,
				CBB36A29207CC2C700B55C53 /* SE_fanfare.mp3 in Resources */,
				CBB36A1F207CC2C700B55C53 /* lobby.png in Resources */,
				CBB36A36207F582E00B55C53 /* k8x12.ttf in Resources */,
				CBB36A23207CC2C700B55C53 /* gold_button.png in Resources */,
				CBB36A2C207CC2C700B55C53 /* SE_attack.mp3 in Resources */,
				CBB36A01207CC0B500B55C53 /* LaunchScreen.storyboard in Resources */,
				CBB36A2F207CC2C700B55C53 /* lobby.mp3 in Resources */,
				CBB369FE207CC0B500B55C53 /* Assets.xcassets in Resources */,
				CBB36A30207CC2C700B55C53 /* misaki_gothic.ttf in Resources */,
				CBB36A2D207CC2C700B55C53 /* SE_gameover.mp3 in Resources */,
				CBB36A20207CC2C700B55C53 /* battlebg.png in Resources */,
				CBB36A2A207CC2C700B55C53 /* BGM_battle001.mp3 in Resources */,
				CBB36A2E207CC2C700B55C53 /* SE_charge.mp3 in Resources */,
				CBB36A2B207CC2C700B55C53 /* SE_fire.mp3 in Resources */,
				CBB36A25207CC2C700B55C53 /* monster.png in Resources */,
				CBB369FC207CC0B100B55C53 /* Main.storyboard in Resources */,
			);
			runOnlyForDeploymentPostprocessing = 0;
		};
/* End PBXResourcesBuildPhase section */

/* Begin PBXSourcesBuildPhase section */
		CBB369EF207CC0B100B55C53 /* Sources */ = {
			isa = PBXSourcesBuildPhase;
			buildActionMask = 2147483647;
			files = (
				CBB36A34207CC62600B55C53 /* BattleViewController.swift in Sources */,
				CBB369F9207CC0B100B55C53 /* ViewController.swift in Sources */,
				CBB36A27207CC2C700B55C53 /* TechDraUtil.swift in Sources */,
				CBB369F7207CC0B100B55C53 /* AppDelegate.swift in Sources */,
				CBB36A32207CC55100B55C53 /* LobbyViewController.swift in Sources */,
				CBB36A28207CC2C700B55C53 /* Player.swift in Sources */,
				CBB36A26207CC2C700B55C53 /* Enemy.swift in Sources */,
			);
			runOnlyForDeploymentPostprocessing = 0;
		};
/* End PBXSourcesBuildPhase section */

/* Begin PBXVariantGroup section */
		CBB369FA207CC0B100B55C53 /* Main.storyboard */ = {
			isa = PBXVariantGroup;
			children = (
				CBB369FB207CC0B100B55C53 /* Base */,
			);
			name = Main.storyboard;
			sourceTree = "<group>";
		};
		CBB369FF207CC0B500B55C53 /* LaunchScreen.storyboard */ = {
			isa = PBXVariantGroup;
			children = (
				CBB36A00207CC0B500B55C53 /* Base */,
			);
			name = LaunchScreen.storyboard;
			sourceTree = "<group>";
		};
/* End PBXVariantGroup section */

/* Begin XCBuildConfiguration section */
		CBB36A03207CC0B500B55C53 /* Debug */ = {
			isa = XCBuildConfiguration;
			buildSettings = {
				ALWAYS_SEARCH_USER_PATHS = NO;
				CLANG_ANALYZER_NONNULL = YES;
				CLANG_ANALYZER_NUMBER_OBJECT_CONVERSION = YES_AGGRESSIVE;
				CLANG_CXX_LANGUAGE_STANDARD = "gnu++14";
				CLANG_CXX_LIBRARY = "libc++";
				CLANG_ENABLE_MODULES = YES;
				CLANG_ENABLE_OBJC_ARC = YES;
				CLANG_ENABLE_OBJC_WEAK = YES;
				CLANG_WARN_BLOCK_CAPTURE_AUTORELEASING = YES;
				CLANG_WARN_BOOL_CONVERSION = YES;
				CLANG_WARN_COMMA = YES;
				CLANG_WARN_CONSTANT_CONVERSION = YES;
				CLANG_WARN_DEPRECATED_OBJC_IMPLEMENTATIONS = YES;
				CLANG_WARN_DIRECT_OBJC_ISA_USAGE = YES_ERROR;
				CLANG_WARN_DOCUMENTATION_COMMENTS = YES;
				CLANG_WARN_EMPTY_BODY = YES;
				CLANG_WARN_ENUM_CONVERSION = YES;
				CLANG_WARN_INFINITE_RECURSION = YES;
				CLANG_WARN_INT_CONVERSION = YES;
				CLANG_WARN_NON_LITERAL_NULL_CONVERSION = YES;
				CLANG_WARN_OBJC_IMPLICIT_RETAIN_SELF = YES;
				CLANG_WARN_OBJC_LITERAL_CONVERSION = YES;
				CLANG_WARN_OBJC_ROOT_CLASS = YES_ERROR;
				CLANG_WARN_RANGE_LOOP_ANALYSIS = YES;
				CLANG_WARN_STRICT_PROTOTYPES = YES;
				CLANG_WARN_SUSPICIOUS_MOVE = YES;
				CLANG_WARN_UNGUARDED_AVAILABILITY = YES_AGGRESSIVE;
				CLANG_WARN_UNREACHABLE_CODE = YES;
				CLANG_WARN__DUPLICATE_METHOD_MATCH = YES;
				CODE_SIGN_IDENTITY = "iPhone Developer";
				COPY_PHASE_STRIP = NO;
				DEBUG_INFORMATION_FORMAT = dwarf;
				ENABLE_STRICT_OBJC_MSGSEND = YES;
				ENABLE_TESTABILITY = YES;
				GCC_C_LANGUAGE_STANDARD = gnu11;
				GCC_DYNAMIC_NO_PIC = NO;
				GCC_NO_COMMON_BLOCKS = YES;
				GCC_OPTIMIZATION_LEVEL = 0;
				GCC_PREPROCESSOR_DEFINITIONS = (
					"DEBUG=1",
					"$(inherited)",
				);
				GCC_WARN_64_TO_32_BIT_CONVERSION = YES;
				GCC_WARN_ABOUT_RETURN_TYPE = YES_ERROR;
				GCC_WARN_UNDECLARED_SELECTOR = YES;
				GCC_WARN_UNINITIALIZED_AUTOS = YES_AGGRESSIVE;
				GCC_WARN_UNUSED_FUNCTION = YES;
				GCC_WARN_UNUSED_VARIABLE = YES;
				IPHONEOS_DEPLOYMENT_TARGET = 11.3;
				MTL_ENABLE_DEBUG_INFO = YES;
				ONLY_ACTIVE_ARCH = YES;
				SDKROOT = iphoneos;
				SWIFT_ACTIVE_COMPILATION_CONDITIONS = DEBUG;
				SWIFT_OPTIMIZATION_LEVEL = "-Onone";
			};
			name = Debug;
		};
		CBB36A04207CC0B500B55C53 /* Release */ = {
			isa = XCBuildConfiguration;
			buildSettings = {
				ALWAYS_SEARCH_USER_PATHS = NO;
				CLANG_ANALYZER_NONNULL = YES;
				CLANG_ANALYZER_NUMBER_OBJECT_CONVERSION = YES_AGGRESSIVE;
				CLANG_CXX_LANGUAGE_STANDARD = "gnu++14";
				CLANG_CXX_LIBRARY = "libc++";
				CLANG_ENABLE_MODULES = YES;
				CLANG_ENABLE_OBJC_ARC = YES;
				CLANG_ENABLE_OBJC_WEAK = YES;
				CLANG_WARN_BLOCK_CAPTURE_AUTORELEASING = YES;
				CLANG_WARN_BOOL_CONVERSION = YES;
				CLANG_WARN_COMMA = YES;
				CLANG_WARN_CONSTANT_CONVERSION = YES;
				CLANG_WARN_DEPRECATED_OBJC_IMPLEMENTATIONS = YES;
				CLANG_WARN_DIRECT_OBJC_ISA_USAGE = YES_ERROR;
				CLANG_WARN_DOCUMENTATION_COMMENTS = YES;
				CLANG_WARN_EMPTY_BODY = YES;
				CLANG_WARN_ENUM_CONVERSION = YES;
				CLANG_WARN_INFINITE_RECURSION = YES;
				CLANG_WARN_INT_CONVERSION = YES;
				CLANG_WARN_NON_LITERAL_NULL_CONVERSION = YES;
				CLANG_WARN_OBJC_IMPLICIT_RETAIN_SELF = YES;
				CLANG_WARN_OBJC_LITERAL_CONVERSION = YES;
				CLANG_WARN_OBJC_ROOT_CLASS = YES_ERROR;
				CLANG_WARN_RANGE_LOOP_ANALYSIS = YES;
				CLANG_WARN_STRICT_PROTOTYPES = YES;
				CLANG_WARN_SUSPICIOUS_MOVE = YES;
				CLANG_WARN_UNGUARDED_AVAILABILITY = YES_AGGRESSIVE;
				CLANG_WARN_UNREACHABLE_CODE = YES;
				CLANG_WARN__DUPLICATE_METHOD_MATCH = YES;
				CODE_SIGN_IDENTITY = "iPhone Developer";
				COPY_PHASE_STRIP = NO;
				DEBUG_INFORMATION_FORMAT = "dwarf-with-dsym";
				ENABLE_NS_ASSERTIONS = NO;
				ENABLE_STRICT_OBJC_MSGSEND = YES;
				GCC_C_LANGUAGE_STANDARD = gnu11;
				GCC_NO_COMMON_BLOCKS = YES;
				GCC_WARN_64_TO_32_BIT_CONVERSION = YES;
				GCC_WARN_ABOUT_RETURN_TYPE = YES_ERROR;
				GCC_WARN_UNDECLARED_SELECTOR = YES;
				GCC_WARN_UNINITIALIZED_AUTOS = YES_AGGRESSIVE;
				GCC_WARN_UNUSED_FUNCTION = YES;
				GCC_WARN_UNUSED_VARIABLE = YES;
				IPHONEOS_DEPLOYMENT_TARGET = 11.3;
				MTL_ENABLE_DEBUG_INFO = NO;
				SDKROOT = iphoneos;
				SWIFT_COMPILATION_MODE = wholemodule;
				SWIFT_OPTIMIZATION_LEVEL = "-O";
				VALIDATE_PRODUCT = YES;
			};
			name = Release;
		};
		CBB36A06207CC0B500B55C53 /* Debug */ = {
			isa = XCBuildConfiguration;
			buildSettings = {
				ASSETCATALOG_COMPILER_APPICON_NAME = AppIcon;
				CODE_SIGN_STYLE = Automatic;
				DEVELOPMENT_TEAM = 9VF76A2SW8;
				INFOPLIST_FILE = TechMonster/Info.plist;
				LD_RUNPATH_SEARCH_PATHS = (
					"$(inherited)",
					"@executable_path/Frameworks",
				);
				PRODUCT_BUNDLE_IDENTIFIER = com.ohharu;
				PRODUCT_NAME = "$(TARGET_NAME)";
				SWIFT_VERSION = 4.0;
				TARGETED_DEVICE_FAMILY = "1,2";
			};
			name = Debug;
		};
		CBB36A07207CC0B500B55C53 /* Release */ = {
			isa = XCBuildConfiguration;
			buildSettings = {
				ASSETCATALOG_COMPILER_APPICON_NAME = AppIcon;
				CODE_SIGN_STYLE = Automatic;
				DEVELOPMENT_TEAM = 9VF76A2SW8;
				INFOPLIST_FILE = TechMonster/Info.plist;
				LD_RUNPATH_SEARCH_PATHS = (
					"$(inherited)",
					"@executable_path/Frameworks",
				);
				PRODUCT_BUNDLE_IDENTIFIER = com.ohharu;
				PRODUCT_NAME = "$(TARGET_NAME)";
				SWIFT_VERSION = 4.0;
				TARGETED_DEVICE_FAMILY = "1,2";
			};
			name = Release;
		};
/* End XCBuildConfiguration section */

/* Begin XCConfigurationList section */
		CBB369EE207CC0B100B55C53 /* Build configuration list for PBXProject "TechMonster" */ = {
			isa = XCConfigurationList;
			buildConfigurations = (
				CBB36A03207CC0B500B55C53 /* Debug */,
				CBB36A04207CC0B500B55C53 /* Release */,
			);
			defaultConfigurationIsVisible = 0;
			defaultConfigurationName = Release;
		};
		CBB36A05207CC0B500B55C53 /* Build configuration list for PBXNativeTarget "TechMonster" */ = {
			isa = XCConfigurationList;
			buildConfigurations = (
				CBB36A06207CC0B500B55C53 /* Debug */,
				CBB36A07207CC0B500B55C53 /* Release */,
			);
			defaultConfigurationIsVisible = 0;
			defaultConfigurationName = Release;
		};
/* End XCConfigurationList section */
	};
	rootObject = CBB369EB207CC0B100B55C53 /* Project object */;
}
